// !$*UTF8*$!
{
	archiveVersion = 1;
	classes = {
	};
	objectVersion = 56;
	objects = {

/* Begin PBXBuildFile section */
		5333B0792A8213A9004555E7 /* ProductDetailViewController.swift in Sources */ = {isa = PBXBuildFile; fileRef = 5333B0782A8213A9004555E7 /* ProductDetailViewController.swift */; };
		5333B07C2A8213E0004555E7 /* StoreHTTPClient.swift in Sources */ = {isa = PBXBuildFile; fileRef = 5333B07B2A8213E0004555E7 /* StoreHTTPClient.swift */; };
		5333B07F2A821428004555E7 /* Category.swift in Sources */ = {isa = PBXBuildFile; fileRef = 5333B07E2A821428004555E7 /* Category.swift */; };
		5333B0812A821440004555E7 /* Product.swift in Sources */ = {isa = PBXBuildFile; fileRef = 5333B0802A821440004555E7 /* Product.swift */; };
		5333B0832A821459004555E7 /* CreateProductRequest.swift in Sources */ = {isa = PBXBuildFile; fileRef = 5333B0822A821459004555E7 /* CreateProductRequest.swift */; };
		5333B0852A821473004555E7 /* DeleteProductResponse.swift in Sources */ = {isa = PBXBuildFile; fileRef = 5333B0842A821473004555E7 /* DeleteProductResponse.swift */; };
		5333B0882A82149F004555E7 /* URL+Extensions.swift in Sources */ = {isa = PBXBuildFile; fileRef = 5333B0872A82149F004555E7 /* URL+Extensions.swift */; };
		5333B08A2A8214BC004555E7 /* Locale+Extensions.swift in Sources */ = {isa = PBXBuildFile; fileRef = 5333B0892A8214BC004555E7 /* Locale+Extensions.swift */; };
		5333B08C2A8214D7004555E7 /* String+Extensions.swift in Sources */ = {isa = PBXBuildFile; fileRef = 5333B08B2A8214D7004555E7 /* String+Extensions.swift */; };
		5333B08E2A8214F1004555E7 /* Double+Extensions.swift in Sources */ = {isa = PBXBuildFile; fileRef = 5333B08D2A8214F1004555E7 /* Double+Extensions.swift */; };
		5333B0912A821528004555E7 /* ProductCellView.swift in Sources */ = {isa = PBXBuildFile; fileRef = 5333B0902A821528004555E7 /* ProductCellView.swift */; };
		5333B0932A82157A004555E7 /* CategoryPickerView.swift in Sources */ = {isa = PBXBuildFile; fileRef = 5333B0922A82157A004555E7 /* CategoryPickerView.swift */; };
		5333B0952A8215C5004555E7 /* ProductImageListView.swift in Sources */ = {isa = PBXBuildFile; fileRef = 5333B0942A8215C5004555E7 /* ProductImageListView.swift */; };
		5333B0982A821602004555E7 /* ImageLoader.swift in Sources */ = {isa = PBXBuildFile; fileRef = 5333B0972A821602004555E7 /* ImageLoader.swift */; };
		53772B6A2A82121F006EBCFD /* CategoriesTableViewController.swift in Sources */ = {isa = PBXBuildFile; fileRef = 53772B692A82121F006EBCFD /* CategoriesTableViewController.swift */; };
		538F022C2A8212B100656EC2 /* ProductsTableViewController.swift in Sources */ = {isa = PBXBuildFile; fileRef = 538F022B2A8212B100656EC2 /* ProductsTableViewController.swift */; };
		538F022E2A82132800656EC2 /* AddProductViewController.swift in Sources */ = {isa = PBXBuildFile; fileRef = 538F022D2A82132800656EC2 /* AddProductViewController.swift */; };
		53F1B3642A820FA000ED4BDB /* AppDelegate.swift in Sources */ = {isa = PBXBuildFile; fileRef = 53F1B3632A820FA000ED4BDB /* AppDelegate.swift */; };
		53F1B3662A820FA000ED4BDB /* SceneDelegate.swift in Sources */ = {isa = PBXBuildFile; fileRef = 53F1B3652A820FA000ED4BDB /* SceneDelegate.swift */; };
		53F1B3682A820FA000ED4BDB /* ViewController.swift in Sources */ = {isa = PBXBuildFile; fileRef = 53F1B3672A820FA000ED4BDB /* ViewController.swift */; };
		53F1B36D2A820FA400ED4BDB /* Assets.xcassets in Resources */ = {isa = PBXBuildFile; fileRef = 53F1B36C2A820FA400ED4BDB /* Assets.xcassets */; };
		53F1B3702A820FA400ED4BDB /* LaunchScreen.storyboard in Resources */ = {isa = PBXBuildFile; fileRef = 53F1B36E2A820FA400ED4BDB /* LaunchScreen.storyboard */; };
/* End PBXBuildFile section */

/* Begin PBXFileReference section */
		5333B0782A8213A9004555E7 /* ProductDetailViewController.swift */ = {isa = PBXFileReference; fileEncoding = 4; lastKnownFileType = sourcecode.swift; path = ProductDetailViewController.swift; sourceTree = "<group>"; };
		5333B07B2A8213E0004555E7 /* StoreHTTPClient.swift */ = {isa = PBXFileReference; lastKnownFileType = sourcecode.swift; path = StoreHTTPClient.swift; sourceTree = "<group>"; };
		5333B07E2A821428004555E7 /* Category.swift */ = {isa = PBXFileReference; lastKnownFileType = sourcecode.swift; path = Category.swift; sourceTree = "<group>"; };
		5333B0802A821440004555E7 /* Product.swift */ = {isa = PBXFileReference; lastKnownFileType = sourcecode.swift; path = Product.swift; sourceTree = "<group>"; };
		5333B0822A821459004555E7 /* CreateProductRequest.swift */ = {isa = PBXFileReference; lastKnownFileType = sourcecode.swift; path = CreateProductRequest.swift; sourceTree = "<group>"; };
		5333B0842A821473004555E7 /* DeleteProductResponse.swift */ = {isa = PBXFileReference; lastKnownFileType = sourcecode.swift; path = DeleteProductResponse.swift; sourceTree = "<group>"; };
		5333B0872A82149F004555E7 /* URL+Extensions.swift */ = {isa = PBXFileReference; lastKnownFileType = sourcecode.swift; path = "URL+Extensions.swift"; sourceTree = "<group>"; };
		5333B0892A8214BC004555E7 /* Locale+Extensions.swift */ = {isa = PBXFileReference; lastKnownFileType = sourcecode.swift; path = "Locale+Extensions.swift"; sourceTree = "<group>"; };
		5333B08B2A8214D7004555E7 /* String+Extensions.swift */ = {isa = PBXFileReference; lastKnownFileType = sourcecode.swift; path = "String+Extensions.swift"; sourceTree = "<group>"; };
		5333B08D2A8214F1004555E7 /* Double+Extensions.swift */ = {isa = PBXFileReference; lastKnownFileType = sourcecode.swift; path = "Double+Extensions.swift"; sourceTree = "<group>"; };
		5333B0902A821528004555E7 /* ProductCellView.swift */ = {isa = PBXFileReference; lastKnownFileType = sourcecode.swift; path = ProductCellView.swift; sourceTree = "<group>"; };
		5333B0922A82157A004555E7 /* CategoryPickerView.swift */ = {isa = PBXFileReference; lastKnownFileType = sourcecode.swift; path = CategoryPickerView.swift; sourceTree = "<group>"; };
		5333B0942A8215C5004555E7 /* ProductImageListView.swift */ = {isa = PBXFileReference; lastKnownFileType = sourcecode.swift; path = ProductImageListView.swift; sourceTree = "<group>"; };
		5333B0972A821602004555E7 /* ImageLoader.swift */ = {isa = PBXFileReference; lastKnownFileType = sourcecode.swift; path = ImageLoader.swift; sourceTree = "<group>"; };
		53772B692A82121F006EBCFD /* CategoriesTableViewController.swift */ = {isa = PBXFileReference; fileEncoding = 4; lastKnownFileType = sourcecode.swift; path = CategoriesTableViewController.swift; sourceTree = "<group>"; };
		538F022B2A8212B100656EC2 /* ProductsTableViewController.swift */ = {isa = PBXFileReference; fileEncoding = 4; lastKnownFileType = sourcecode.swift; path = ProductsTableViewController.swift; sourceTree = "<group>"; };
		538F022D2A82132800656EC2 /* AddProductViewController.swift */ = {isa = PBXFileReference; lastKnownFileType = sourcecode.swift; path = AddProductViewController.swift; sourceTree = "<group>"; };
		53F1B3602A820FA000ED4BDB /* EStore.app */ = {isa = PBXFileReference; explicitFileType = wrapper.application; includeInIndex = 0; path = EStore.app; sourceTree = BUILT_PRODUCTS_DIR; };
		53F1B3632A820FA000ED4BDB /* AppDelegate.swift */ = {isa = PBXFileReference; lastKnownFileType = sourcecode.swift; path = AppDelegate.swift; sourceTree = "<group>"; };
		53F1B3652A820FA000ED4BDB /* SceneDelegate.swift */ = {isa = PBXFileReference; lastKnownFileType = sourcecode.swift; path = SceneDelegate.swift; sourceTree = "<group>"; };
		53F1B3672A820FA000ED4BDB /* ViewController.swift */ = {isa = PBXFileReference; lastKnownFileType = sourcecode.swift; path = ViewController.swift; sourceTree = "<group>"; };
		53F1B36C2A820FA400ED4BDB /* Assets.xcassets */ = {isa = PBXFileReference; lastKnownFileType = folder.assetcatalog; path = Assets.xcassets; sourceTree = "<group>"; };
		53F1B36F2A820FA400ED4BDB /* Base */ = {isa = PBXFileReference; lastKnownFileType = file.storyboard; name = Base; path = Base.lproj/LaunchScreen.storyboard; sourceTree = "<group>"; };
		53F1B3712A820FA400ED4BDB /* Info.plist */ = {isa = PBXFileReference; lastKnownFileType = text.plist.xml; path = Info.plist; sourceTree = "<group>"; };
/* End PBXFileReference section */

/* Begin PBXFrameworksBuildPhase section */
		53F1B35D2A820FA000ED4BDB /* Frameworks */ = {
			isa = PBXFrameworksBuildPhase;
			buildActionMask = 2147483647;
			files = (
			);
			runOnlyForDeploymentPostprocessing = 0;
		};
/* End PBXFrameworksBuildPhase section */

/* Begin PBXGroup section */
		5333B07A2A8213C4004555E7 /* Clients */ = {
			isa = PBXGroup;
			children = (
				5333B07B2A8213E0004555E7 /* StoreHTTPClient.swift */,
			);
			path = Clients;
			sourceTree = "<group>";
		};
		5333B07D2A821413004555E7 /* Models */ = {
			isa = PBXGroup;
			children = (
				5333B07E2A821428004555E7 /* Category.swift */,
				5333B0802A821440004555E7 /* Product.swift */,
				5333B0822A821459004555E7 /* CreateProductRequest.swift */,
				5333B0842A821473004555E7 /* DeleteProductResponse.swift */,
			);
			path = Models;
			sourceTree = "<group>";
		};
		5333B0862A821488004555E7 /* Extensions */ = {
			isa = PBXGroup;
			children = (
				5333B0872A82149F004555E7 /* URL+Extensions.swift */,
				5333B0892A8214BC004555E7 /* Locale+Extensions.swift */,
				5333B08B2A8214D7004555E7 /* String+Extensions.swift */,
				5333B08D2A8214F1004555E7 /* Double+Extensions.swift */,
			);
			path = Extensions;
			sourceTree = "<group>";
		};
		5333B08F2A82151B004555E7 /* Views */ = {
			isa = PBXGroup;
			children = (
				5333B0902A821528004555E7 /* ProductCellView.swift */,
				5333B0922A82157A004555E7 /* CategoryPickerView.swift */,
				5333B0942A8215C5004555E7 /* ProductImageListView.swift */,
			);
			path = Views;
			sourceTree = "<group>";
		};
		5333B0962A8215F1004555E7 /* Utility */ = {
			isa = PBXGroup;
			children = (
				5333B0972A821602004555E7 /* ImageLoader.swift */,
			);
			path = Utility;
			sourceTree = "<group>";
		};
		53F1B3572A820FA000ED4BDB = {
			isa = PBXGroup;
			children = (
				53F1B3622A820FA000ED4BDB /* EStore */,
				53F1B3612A820FA000ED4BDB /* Products */,
			);
			sourceTree = "<group>";
		};
		53F1B3612A820FA000ED4BDB /* Products */ = {
			isa = PBXGroup;
			children = (
				53F1B3602A820FA000ED4BDB /* EStore.app */,
			);
			name = Products;
			sourceTree = "<group>";
		};
		53F1B3622A820FA000ED4BDB /* EStore */ = {
			isa = PBXGroup;
			children = (
				5333B0962A8215F1004555E7 /* Utility */,
				5333B08F2A82151B004555E7 /* Views */,
				5333B0862A821488004555E7 /* Extensions */,
				5333B07D2A821413004555E7 /* Models */,
				5333B07A2A8213C4004555E7 /* Clients */,
				53F1B3772A82116C00ED4BDB /* ViewControllers */,
				53F1B3632A820FA000ED4BDB /* AppDelegate.swift */,
				53F1B3652A820FA000ED4BDB /* SceneDelegate.swift */,
				53F1B3672A820FA000ED4BDB /* ViewController.swift */,
				53F1B36C2A820FA400ED4BDB /* Assets.xcassets */,
				53F1B36E2A820FA400ED4BDB /* LaunchScreen.storyboard */,
				53F1B3712A820FA400ED4BDB /* Info.plist */,
			);
			path = EStore;
			sourceTree = "<group>";
		};
		53F1B3772A82116C00ED4BDB /* ViewControllers */ = {
			isa = PBXGroup;
			children = (
				53772B692A82121F006EBCFD /* CategoriesTableViewController.swift */,
				538F022B2A8212B100656EC2 /* ProductsTableViewController.swift */,
				538F022D2A82132800656EC2 /* AddProductViewController.swift */,
				5333B0782A8213A9004555E7 /* ProductDetailViewController.swift */,
			);
			path = ViewControllers;
			sourceTree = "<group>";
		};
/* End PBXGroup section */

/* Begin PBXNativeTarget section */
		53F1B35F2A820FA000ED4BDB /* EStore */ = {
			isa = PBXNativeTarget;
			buildConfigurationList = 53F1B3742A820FA400ED4BDB /* Build configuration list for PBXNativeTarget "EStore" */;
			buildPhases = (
				53F1B35C2A820FA000ED4BDB /* Sources */,
				53F1B35D2A820FA000ED4BDB /* Frameworks */,
				53F1B35E2A820FA000ED4BDB /* Resources */,
			);
			buildRules = (
			);
			dependencies = (
			);
			name = EStore;
			productName = EStore;
			productReference = 53F1B3602A820FA000ED4BDB /* EStore.app */;
			productType = "com.apple.product-type.application";
		};
/* End PBXNativeTarget section */

/* Begin PBXProject section */
		53F1B3582A820FA000ED4BDB /* Project object */ = {
			isa = PBXProject;
			attributes = {
				BuildIndependentTargetsInParallel = 1;
				LastSwiftUpdateCheck = 1500;
				LastUpgradeCheck = 1500;
				TargetAttributes = {
					53F1B35F2A820FA000ED4BDB = {
						CreatedOnToolsVersion = 15.0;
					};
				};
			};
			buildConfigurationList = 53F1B35B2A820FA000ED4BDB /* Build configuration list for PBXProject "EStore" */;
			compatibilityVersion = "Xcode 14.0";
			developmentRegion = en;
			hasScannedForEncodings = 0;
			knownRegions = (
				en,
				Base,
			);
			mainGroup = 53F1B3572A820FA000ED4BDB;
			productRefGroup = 53F1B3612A820FA000ED4BDB /* Products */;
			projectDirPath = "";
			projectRoot = "";
			targets = (
				53F1B35F2A820FA000ED4BDB /* EStore */,
			);
		};
/* End PBXProject section */

/* Begin PBXResourcesBuildPhase section */
		53F1B35E2A820FA000ED4BDB /* Resources */ = {
			isa = PBXResourcesBuildPhase;
			buildActionMask = 2147483647;
			files = (
				53F1B3702A820FA400ED4BDB /* LaunchScreen.storyboard in Resources */,
				53F1B36D2A820FA400ED4BDB /* Assets.xcassets in Resources */,
			);
			runOnlyForDeploymentPostprocessing = 0;
		};
/* End PBXResourcesBuildPhase section */

/* Begin PBXSourcesBuildPhase section */
		53F1B35C2A820FA000ED4BDB /* Sources */ = {
			isa = PBXSourcesBuildPhase;
			buildActionMask = 2147483647;
			files = (
				53F1B3682A820FA000ED4BDB /* ViewController.swift in Sources */,
				53F1B3642A820FA000ED4BDB /* AppDelegate.swift in Sources */,
				5333B0982A821602004555E7 /* ImageLoader.swift in Sources */,
				5333B0792A8213A9004555E7 /* ProductDetailViewController.swift in Sources */,
				538F022E2A82132800656EC2 /* AddProductViewController.swift in Sources */,
				5333B0932A82157A004555E7 /* CategoryPickerView.swift in Sources */,
				5333B0882A82149F004555E7 /* URL+Extensions.swift in Sources */,
				5333B0832A821459004555E7 /* CreateProductRequest.swift in Sources */,
				5333B07C2A8213E0004555E7 /* StoreHTTPClient.swift in Sources */,
				5333B07F2A821428004555E7 /* Category.swift in Sources */,
				5333B0952A8215C5004555E7 /* ProductImageListView.swift in Sources */,
				5333B08E2A8214F1004555E7 /* Double+Extensions.swift in Sources */,
				53F1B3662A820FA000ED4BDB /* SceneDelegate.swift in Sources */,
				5333B0912A821528004555E7 /* ProductCellView.swift in Sources */,
				5333B0812A821440004555E7 /* Product.swift in Sources */,
				5333B08C2A8214D7004555E7 /* String+Extensions.swift in Sources */,
				5333B0852A821473004555E7 /* DeleteProductResponse.swift in Sources */,
				5333B08A2A8214BC004555E7 /* Locale+Extensions.swift in Sources */,
				53772B6A2A82121F006EBCFD /* CategoriesTableViewController.swift in Sources */,
				538F022C2A8212B100656EC2 /* ProductsTableViewController.swift in Sources */,
			);
			runOnlyForDeploymentPostprocessing = 0;
		};
/* End PBXSourcesBuildPhase section */

/* Begin PBXVariantGroup section */
		53F1B36E2A820FA400ED4BDB /* LaunchScreen.storyboard */ = {
			isa = PBXVariantGroup;
			children = (
				53F1B36F2A820FA400ED4BDB /* Base */,
			);
			name = LaunchScreen.storyboard;
			sourceTree = "<group>";
		};
/* End PBXVariantGroup section */

/* Begin XCBuildConfiguration section */
		53F1B3722A820FA400ED4BDB /* Debug */ = {
			isa = XCBuildConfiguration;
			buildSettings = {
				ALWAYS_SEARCH_USER_PATHS = NO;
				ASSETCATALOG_COMPILER_GENERATE_SWIFT_ASSET_SYMBOL_EXTENSIONS = YES;
				CLANG_ANALYZER_NONNULL = YES;
				CLANG_ANALYZER_NUMBER_OBJECT_CONVERSION = YES_AGGRESSIVE;
				CLANG_CXX_LANGUAGE_STANDARD = "gnu++20";
				CLANG_ENABLE_MODULES = YES;
				CLANG_ENABLE_OBJC_ARC = YES;
				CLANG_ENABLE_OBJC_WEAK = YES;
				CLANG_WARN_BLOCK_CAPTURE_AUTORELEASING = YES;
				CLANG_WARN_BOOL_CONVERSION = YES;
				CLANG_WARN_COMMA = YES;
				CLANG_WARN_CONSTANT_CONVERSION = YES;
				CLANG_WARN_DEPRECATED_OBJC_IMPLEMENTATIONS = YES;
				CLANG_WARN_DIRECT_OBJC_ISA_USAGE = YES_ERROR;
				CLANG_WARN_DOCUMENTATION_COMMENTS = YES;
				CLANG_WARN_EMPTY_BODY = YES;
				CLANG_WARN_ENUM_CONVERSION = YES;
				CLANG_WARN_INFINITE_RECURSION = YES;
				CLANG_WARN_INT_CONVERSION = YES;
				CLANG_WARN_NON_LITERAL_NULL_CONVERSION = YES;
				CLANG_WARN_OBJC_IMPLICIT_RETAIN_SELF = YES;
				CLANG_WARN_OBJC_LITERAL_CONVERSION = YES;
				CLANG_WARN_OBJC_ROOT_CLASS = YES_ERROR;
				CLANG_WARN_QUOTED_INCLUDE_IN_FRAMEWORK_HEADER = YES;
				CLANG_WARN_RANGE_LOOP_ANALYSIS = YES;
				CLANG_WARN_STRICT_PROTOTYPES = YES;
				CLANG_WARN_SUSPICIOUS_MOVE = YES;
				CLANG_WARN_UNGUARDED_AVAILABILITY = YES_AGGRESSIVE;
				CLANG_WARN_UNREACHABLE_CODE = YES;
				CLANG_WARN__DUPLICATE_METHOD_MATCH = YES;
				COPY_PHASE_STRIP = NO;
				DEBUG_INFORMATION_FORMAT = dwarf;
				ENABLE_STRICT_OBJC_MSGSEND = YES;
				ENABLE_TESTABILITY = YES;
				ENABLE_USER_SCRIPT_SANDBOXING = YES;
				GCC_C_LANGUAGE_STANDARD = gnu17;
				GCC_DYNAMIC_NO_PIC = NO;
				GCC_NO_COMMON_BLOCKS = YES;
				GCC_OPTIMIZATION_LEVEL = 0;
				GCC_PREPROCESSOR_DEFINITIONS = (
					"DEBUG=1",
					"$(inherited)",
				);
				GCC_WARN_64_TO_32_BIT_CONVERSION = YES;
				GCC_WARN_ABOUT_RETURN_TYPE = YES_ERROR;
				GCC_WARN_UNDECLARED_SELECTOR = YES;
				GCC_WARN_UNINITIALIZED_AUTOS = YES_AGGRESSIVE;
				GCC_WARN_UNUSED_FUNCTION = YES;
				GCC_WARN_UNUSED_VARIABLE = YES;
				IPHONEOS_DEPLOYMENT_TARGET = 17.0;
				LOCALIZATION_PREFERS_STRING_CATALOGS = YES;
				MTL_ENABLE_DEBUG_INFO = INCLUDE_SOURCE;
				MTL_FAST_MATH = YES;
				ONLY_ACTIVE_ARCH = YES;
				SDKROOT = iphoneos;
				SWIFT_ACTIVE_COMPILATION_CONDITIONS = "DEBUG $(inherited)";
				SWIFT_OPTIMIZATION_LEVEL = "-Onone";
			};
			name = Debug;
		};
		53F1B3732A820FA400ED4BDB /* Release */ = {
			isa = XCBuildConfiguration;
			buildSettings = {
				ALWAYS_SEARCH_USER_PATHS = NO;
				ASSETCATALOG_COMPILER_GENERATE_SWIFT_ASSET_SYMBOL_EXTENSIONS = YES;
				CLANG_ANALYZER_NONNULL = YES;
				CLANG_ANALYZER_NUMBER_OBJECT_CONVERSION = YES_AGGRESSIVE;
				CLANG_CXX_LANGUAGE_STANDARD = "gnu++20";
				CLANG_ENABLE_MODULES = YES;
				CLANG_ENABLE_OBJC_ARC = YES;
				CLANG_ENABLE_OBJC_WEAK = YES;
				CLANG_WARN_BLOCK_CAPTURE_AUTORELEASING = YES;
				CLANG_WARN_BOOL_CONVERSION = YES;
				CLANG_WARN_COMMA = YES;
				CLANG_WARN_CONSTANT_CONVERSION = YES;
				CLANG_WARN_DEPRECATED_OBJC_IMPLEMENTATIONS = YES;
				CLANG_WARN_DIRECT_OBJC_ISA_USAGE = YES_ERROR;
				CLANG_WARN_DOCUMENTATION_COMMENTS = YES;
				CLANG_WARN_EMPTY_BODY = YES;
				CLANG_WARN_ENUM_CONVERSION = YES;
				CLANG_WARN_INFINITE_RECURSION = YES;
				CLANG_WARN_INT_CONVERSION = YES;
				CLANG_WARN_NON_LITERAL_NULL_CONVERSION = YES;
				CLANG_WARN_OBJC_IMPLICIT_RETAIN_SELF = YES;
				CLANG_WARN_OBJC_LITERAL_CONVERSION = YES;
				CLANG_WARN_OBJC_ROOT_CLASS = YES_ERROR;
				CLANG_WARN_QUOTED_INCLUDE_IN_FRAMEWORK_HEADER = YES;
				CLANG_WARN_RANGE_LOOP_ANALYSIS = YES;
				CLANG_WARN_STRICT_PROTOTYPES = YES;
				CLANG_WARN_SUSPICIOUS_MOVE = YES;
				CLANG_WARN_UNGUARDED_AVAILABILITY = YES_AGGRESSIVE;
				CLANG_WARN_UNREACHABLE_CODE = YES;
				CLANG_WARN__DUPLICATE_METHOD_MATCH = YES;
				COPY_PHASE_STRIP = NO;
				DEBUG_INFORMATION_FORMAT = "dwarf-with-dsym";
				ENABLE_NS_ASSERTIONS = NO;
				ENABLE_STRICT_OBJC_MSGSEND = YES;
				ENABLE_USER_SCRIPT_SANDBOXING = YES;
				GCC_C_LANGUAGE_STANDARD = gnu17;
				GCC_NO_COMMON_BLOCKS = YES;
				GCC_WARN_64_TO_32_BIT_CONVERSION = YES;
				GCC_WARN_ABOUT_RETURN_TYPE = YES_ERROR;
				GCC_WARN_UNDECLARED_SELECTOR = YES;
				GCC_WARN_UNINITIALIZED_AUTOS = YES_AGGRESSIVE;
				GCC_WARN_UNUSED_FUNCTION = YES;
				GCC_WARN_UNUSED_VARIABLE = YES;
				IPHONEOS_DEPLOYMENT_TARGET = 17.0;
				LOCALIZATION_PREFERS_STRING_CATALOGS = YES;
				MTL_ENABLE_DEBUG_INFO = NO;
				MTL_FAST_MATH = YES;
				SDKROOT = iphoneos;
				SWIFT_COMPILATION_MODE = wholemodule;
				VALIDATE_PRODUCT = YES;
			};
			name = Release;
		};
		53F1B3752A820FA400ED4BDB /* Debug */ = {
			isa = XCBuildConfiguration;
			buildSettings = {
				ASSETCATALOG_COMPILER_APPICON_NAME = AppIcon;
				ASSETCATALOG_COMPILER_GLOBAL_ACCENT_COLOR_NAME = AccentColor;
				CODE_SIGN_STYLE = Automatic;
				CURRENT_PROJECT_VERSION = 1;
				DEVELOPMENT_TEAM = EJGCGKY84H;
				GENERATE_INFOPLIST_FILE = YES;
				INFOPLIST_FILE = EStore/Info.plist;
				INFOPLIST_KEY_UIApplicationSupportsIndirectInputEvents = YES;
				INFOPLIST_KEY_UILaunchStoryboardName = LaunchScreen;
				INFOPLIST_KEY_UISupportedInterfaceOrientations = UIInterfaceOrientationPortrait;
				INFOPLIST_KEY_UISupportedInterfaceOrientations_iPad = "UIInterfaceOrientationLandscapeLeft UIInterfaceOrientationLandscapeRight UIInterfaceOrientationPortrait UIInterfaceOrientationPortraitUpsideDown";
				IPHONEOS_DEPLOYMENT_TARGET = 16.0;
				LD_RUNPATH_SEARCH_PATHS = (
					"$(inherited)",
					"@executable_path/Frameworks",
				);
				MARKETING_VERSION = 1.0;
				PRODUCT_BUNDLE_IDENTIFIER = com.hidayatabisena.EStore;
				PRODUCT_NAME = "$(TARGET_NAME)";
				SUPPORTED_PLATFORMS = "iphoneos iphonesimulator";
				SUPPORTS_MACCATALYST = NO;
				SUPPORTS_MAC_DESIGNED_FOR_IPHONE_IPAD = NO;
				SUPPORTS_XR_DESIGNED_FOR_IPHONE_IPAD = NO;
				SWIFT_EMIT_LOC_STRINGS = YES;
				SWIFT_VERSION = 5.0;
				TARGETED_DEVICE_FAMILY = 1;
			};
			name = Debug;
		};
		53F1B3762A820FA400ED4BDB /* Release */ = {
			isa = XCBuildConfiguration;
			buildSettings = {
				ASSETCATALOG_COMPILER_APPICON_NAME = AppIcon;
				ASSETCATALOG_COMPILER_GLOBAL_ACCENT_COLOR_NAME = AccentColor;
				CODE_SIGN_STYLE = Automatic;
				CURRENT_PROJECT_VERSION = 1;
				DEVELOPMENT_TEAM = EJGCGKY84H;
				GENERATE_INFOPLIST_FILE = YES;
				INFOPLIST_FILE = EStore/Info.plist;
				INFOPLIST_KEY_UIApplicationSupportsIndirectInputEvents = YES;
				INFOPLIST_KEY_UILaunchStoryboardName = LaunchScreen;
				INFOPLIST_KEY_UISupportedInterfaceOrientations = UIInterfaceOrientationPortrait;
				INFOPLIST_KEY_UISupportedInterfaceOrientations_iPad = "UIInterfaceOrientationLandscapeLeft UIInterfaceOrientationLandscapeRight UIInterfaceOrientationPortrait UIInterfaceOrientationPortraitUpsideDown";
				IPHONEOS_DEPLOYMENT_TARGET = 16.0;
				LD_RUNPATH_SEARCH_PATHS = (
					"$(inherited)",
					"@executable_path/Frameworks",
				);
				MARKETING_VERSION = 1.0;
				PRODUCT_BUNDLE_IDENTIFIER = com.hidayatabisena.EStore;
				PRODUCT_NAME = "$(TARGET_NAME)";
				SUPPORTED_PLATFORMS = "iphoneos iphonesimulator";
				SUPPORTS_MACCATALYST = NO;
				SUPPORTS_MAC_DESIGNED_FOR_IPHONE_IPAD = NO;
				SUPPORTS_XR_DESIGNED_FOR_IPHONE_IPAD = NO;
				SWIFT_EMIT_LOC_STRINGS = YES;
				SWIFT_VERSION = 5.0;
				TARGETED_DEVICE_FAMILY = 1;
			};
			name = Release;
		};
/* End XCBuildConfiguration section */

/* Begin XCConfigurationList section */
		53F1B35B2A820FA000ED4BDB /* Build configuration list for PBXProject "EStore" */ = {
			isa = XCConfigurationList;
			buildConfigurations = (
				53F1B3722A820FA400ED4BDB /* Debug */,
				53F1B3732A820FA400ED4BDB /* Release */,
			);
			defaultConfigurationIsVisible = 0;
			defaultConfigurationName = Release;
		};
		53F1B3742A820FA400ED4BDB /* Build configuration list for PBXNativeTarget "EStore" */ = {
			isa = XCConfigurationList;
			buildConfigurations = (
				53F1B3752A820FA400ED4BDB /* Debug */,
				53F1B3762A820FA400ED4BDB /* Release */,
			);
			defaultConfigurationIsVisible = 0;
			defaultConfigurationName = Release;
		};
/* End XCConfigurationList section */
	};
	rootObject = 53F1B3582A820FA000ED4BDB /* Project object */;
}
